
Microsoft Visual Studio Solution File, Format Version 12.00
# Visual Studio Version 17
VisualStudioVersion = 17.6.33815.320
MinimumVisualStudioVersion = 10.0.40219.1
Project("{FAE04EC0-301F-11D3-BF4B-00C04F79EFBC}") = "WebApp", "WebApp\WebApp.csproj", "{DF7BD563-6921-4D5D-8E46-CC27554C9221}"
EndProject
Global
	GlobalSection(SolutionConfigurationPlatforms) = preSolution
		Debug|Any CPU = Debug|Any CPU
		Release|Any CPU = Release|Any CPU
	EndGlobalSection
	GlobalSection(ProjectConfigurationPlatforms) = postSolution
		{DF7BD563-6921-4D5D-8E46-CC27554C9221}.Debug|Any CPU.ActiveCfg = Debug|Any CPU
		{DF7BD563-6921-4D5D-8E46-CC27554C9221}.Debug|Any CPU.Build.0 = Debug|Any CPU
		{DF7BD563-6921-4D5D-8E46-CC27554C9221}.Release|Any CPU.ActiveCfg = Release|Any CPU
		{DF7BD563-6921-4D5D-8E46-CC27554C9221}.Release|Any CPU.Build.0 = Release|Any CPU
	EndGlobalSection
	GlobalSection(SolutionProperties) = preSolution
		HideSolutionNode = FALSE
	EndGlobalSection
	GlobalSection(ExtensibilityGlobals) = postSolution
		SolutionGuid = {58C45F67-945C-43FA-9CEE-A203A9E64F16}
	EndGlobalSection
EndGlobal
